
Microsoft Visual Studio Solution File, Format Version 12.00
# Visual Studio Version 16
VisualStudioVersion = 16.0.30711.63
MinimumVisualStudioVersion = 10.0.40219.1
Project("{FAE04EC0-301F-11D3-BF4B-00C04F79EFBC}") = "SBD_TO_Project", "SBD_TO_Project\SBD_TO_Project.csproj", "{4091328D-E102-4AFA-A891-D951AB2E00FC}"
EndProject
Global
	GlobalSection(SolutionConfigurationPlatforms) = preSolution
		Debug|Any CPU = Debug|Any CPU
		Release|Any CPU = Release|Any CPU
	EndGlobalSection
	GlobalSection(ProjectConfigurationPlatforms) = postSolution
		{4091328D-E102-4AFA-A891-D951AB2E00FC}.Debug|Any CPU.ActiveCfg = Debug|Any CPU
		{4091328D-E102-4AFA-A891-D951AB2E00FC}.Debug|Any CPU.Build.0 = Debug|Any CPU
		{4091328D-E102-4AFA-A891-D951AB2E00FC}.Release|Any CPU.ActiveCfg = Release|Any CPU
		{4091328D-E102-4AFA-A891-D951AB2E00FC}.Release|Any CPU.Build.0 = Release|Any CPU
	EndGlobalSection
	GlobalSection(SolutionProperties) = preSolution
		HideSolutionNode = FALSE
	EndGlobalSection
	GlobalSection(ExtensibilityGlobals) = postSolution
		SolutionGuid = {ED9170DB-6868-43B7-A1E4-22F1050C9322}
	EndGlobalSection
EndGlobal
